
Microsoft Visual Studio Solution File, Format Version 12.00
# Visual Studio Version 17
VisualStudioVersion = 17.7.34024.191
MinimumVisualStudioVersion = 10.0.40219.1
Project("{FAE04EC0-301F-11D3-BF4B-00C04F79EFBC}") = "CRUD", "CRUD.csproj", "{8732B2EB-8DFD-4872-B007-FBF8C6501163}"
EndProject
Global
	GlobalSection(SolutionConfigurationPlatforms) = preSolution
		Debug|Any CPU = Debug|Any CPU
		Release|Any CPU = Release|Any CPU
	EndGlobalSection
	GlobalSection(ProjectConfigurationPlatforms) = postSolution
		{8732B2EB-8DFD-4872-B007-FBF8C6501163}.Debug|Any CPU.ActiveCfg = Debug|Any CPU
		{8732B2EB-8DFD-4872-B007-FBF8C6501163}.Debug|Any CPU.Build.0 = Debug|Any CPU
		{8732B2EB-8DFD-4872-B007-FBF8C6501163}.Release|Any CPU.ActiveCfg = Release|Any CPU
		{8732B2EB-8DFD-4872-B007-FBF8C6501163}.Release|Any CPU.Build.0 = Release|Any CPU
	EndGlobalSection
	GlobalSection(SolutionProperties) = preSolution
		HideSolutionNode = FALSE
	EndGlobalSection
	GlobalSection(ExtensibilityGlobals) = postSolution
		SolutionGuid = {0A591CFD-B03D-4E15-BF06-E9FF2998A82B}
	EndGlobalSection
EndGlobal
